// !$*UTF8*$!
{
	archiveVersion = 1;
	classes = {
	};
	objectVersion = 56;
	objects = {

/* Begin PBXBuildFile section */
		27785E86C54EBF4F8F492B9D /* Pods_iOS7_HW21_Kholodkov_Denis.framework in Frameworks */ = {isa = PBXBuildFile; fileRef = 1029C12515B3F948DB3E6E19 /* Pods_iOS7_HW21_Kholodkov_Denis.framework */; };
		921DBCA729129B97006FD092 /* Metric.swift in Sources */ = {isa = PBXBuildFile; fileRef = 921DBCA629129B97006FD092 /* Metric.swift */; };
		921DBCA92912A06A006FD092 /* ModelMarvel.swift in Sources */ = {isa = PBXBuildFile; fileRef = 921DBCA82912A06A006FD092 /* ModelMarvel.swift */; };
		925A139C29125A8B009ED847 /* AppDelegate.swift in Sources */ = {isa = PBXBuildFile; fileRef = 925A139B29125A8B009ED847 /* AppDelegate.swift */; };
		925A13A529125A90009ED847 /* Assets.xcassets in Resources */ = {isa = PBXBuildFile; fileRef = 925A13A429125A90009ED847 /* Assets.xcassets */; };
		925A13A829125A90009ED847 /* LaunchScreen.storyboard in Resources */ = {isa = PBXBuildFile; fileRef = 925A13A629125A90009ED847 /* LaunchScreen.storyboard */; };
		925A13B6291279D2009ED847 /* MarvelCell.swift in Sources */ = {isa = PBXBuildFile; fileRef = 925A13B5291279D2009ED847 /* MarvelCell.swift */; };
		92A3CCBD2918F22D0092A761 /* BaseViewElements.swift in Sources */ = {isa = PBXBuildFile; fileRef = 92A3CCBC2918F22D0092A761 /* BaseViewElements.swift */; };
		92A3CCBF2918FA970092A761 /* MarvelTableView.swift in Sources */ = {isa = PBXBuildFile; fileRef = 92A3CCBE2918FA970092A761 /* MarvelTableView.swift */; };
		92A3CCC12918FACE0092A761 /* MarvelDescriptionView.swift in Sources */ = {isa = PBXBuildFile; fileRef = 92A3CCC02918FACE0092A761 /* MarvelDescriptionView.swift */; };
		92A3CCC3291AE0A10092A761 /* TableController.swift in Sources */ = {isa = PBXBuildFile; fileRef = 92A3CCC2291AE0A10092A761 /* TableController.swift */; };
		92A3CCC6291AE4570092A761 /* NetworkLayer.swift in Sources */ = {isa = PBXBuildFile; fileRef = 92A3CCC5291AE4570092A761 /* NetworkLayer.swift */; };
		92D3EDEA2915972D00725FEC /* ImageSize.swift in Sources */ = {isa = PBXBuildFile; fileRef = 92D3EDE92915972D00725FEC /* ImageSize.swift */; };
		92D3EDEC29159B8200725FEC /* DescriptionViewController.swift in Sources */ = {isa = PBXBuildFile; fileRef = 92D3EDEB29159B8200725FEC /* DescriptionViewController.swift */; };
/* End PBXBuildFile section */

/* Begin PBXFileReference section */
		1029C12515B3F948DB3E6E19 /* Pods_iOS7_HW21_Kholodkov_Denis.framework */ = {isa = PBXFileReference; explicitFileType = wrapper.framework; includeInIndex = 0; path = Pods_iOS7_HW21_Kholodkov_Denis.framework; sourceTree = BUILT_PRODUCTS_DIR; };
		921DBCA629129B97006FD092 /* Metric.swift */ = {isa = PBXFileReference; lastKnownFileType = sourcecode.swift; path = Metric.swift; sourceTree = "<group>"; };
		921DBCA82912A06A006FD092 /* ModelMarvel.swift */ = {isa = PBXFileReference; lastKnownFileType = sourcecode.swift; path = ModelMarvel.swift; sourceTree = "<group>"; };
		925A139829125A8B009ED847 /* iOS7-HW21-Kholodkov Denis.app */ = {isa = PBXFileReference; explicitFileType = wrapper.application; includeInIndex = 0; path = "iOS7-HW21-Kholodkov Denis.app"; sourceTree = BUILT_PRODUCTS_DIR; };
		925A139B29125A8B009ED847 /* AppDelegate.swift */ = {isa = PBXFileReference; lastKnownFileType = sourcecode.swift; path = AppDelegate.swift; sourceTree = "<group>"; };
		925A13A429125A90009ED847 /* Assets.xcassets */ = {isa = PBXFileReference; lastKnownFileType = folder.assetcatalog; path = Assets.xcassets; sourceTree = "<group>"; };
		925A13A729125A90009ED847 /* Base */ = {isa = PBXFileReference; lastKnownFileType = file.storyboard; name = Base; path = Base.lproj/LaunchScreen.storyboard; sourceTree = "<group>"; };
		925A13A929125A90009ED847 /* Info.plist */ = {isa = PBXFileReference; lastKnownFileType = text.plist.xml; path = Info.plist; sourceTree = "<group>"; };
		925A13B5291279D2009ED847 /* MarvelCell.swift */ = {isa = PBXFileReference; lastKnownFileType = sourcecode.swift; path = MarvelCell.swift; sourceTree = "<group>"; };
		92A3CCBC2918F22D0092A761 /* BaseViewElements.swift */ = {isa = PBXFileReference; lastKnownFileType = sourcecode.swift; path = BaseViewElements.swift; sourceTree = "<group>"; };
		92A3CCBE2918FA970092A761 /* MarvelTableView.swift */ = {isa = PBXFileReference; lastKnownFileType = sourcecode.swift; path = MarvelTableView.swift; sourceTree = "<group>"; };
		92A3CCC02918FACE0092A761 /* MarvelDescriptionView.swift */ = {isa = PBXFileReference; lastKnownFileType = sourcecode.swift; path = MarvelDescriptionView.swift; sourceTree = "<group>"; };
		92A3CCC2291AE0A10092A761 /* TableController.swift */ = {isa = PBXFileReference; lastKnownFileType = sourcecode.swift; path = TableController.swift; sourceTree = "<group>"; };
		92A3CCC5291AE4570092A761 /* NetworkLayer.swift */ = {isa = PBXFileReference; lastKnownFileType = sourcecode.swift; path = NetworkLayer.swift; sourceTree = "<group>"; };
		92D3EDE92915972D00725FEC /* ImageSize.swift */ = {isa = PBXFileReference; lastKnownFileType = sourcecode.swift; path = ImageSize.swift; sourceTree = "<group>"; };
		92D3EDEB29159B8200725FEC /* DescriptionViewController.swift */ = {isa = PBXFileReference; lastKnownFileType = sourcecode.swift; path = DescriptionViewController.swift; sourceTree = "<group>"; };
		D08DC0E72E8FAEED5CD7DF58 /* Pods-iOS7-HW21-Kholodkov Denis.debug.xcconfig */ = {isa = PBXFileReference; includeInIndex = 1; lastKnownFileType = text.xcconfig; name = "Pods-iOS7-HW21-Kholodkov Denis.debug.xcconfig"; path = "Target Support Files/Pods-iOS7-HW21-Kholodkov Denis/Pods-iOS7-HW21-Kholodkov Denis.debug.xcconfig"; sourceTree = "<group>"; };
		FB5306975F3BFD77A4C7FA6C /* Pods-iOS7-HW21-Kholodkov Denis.release.xcconfig */ = {isa = PBXFileReference; includeInIndex = 1; lastKnownFileType = text.xcconfig; name = "Pods-iOS7-HW21-Kholodkov Denis.release.xcconfig"; path = "Target Support Files/Pods-iOS7-HW21-Kholodkov Denis/Pods-iOS7-HW21-Kholodkov Denis.release.xcconfig"; sourceTree = "<group>"; };
/* End PBXFileReference section */

/* Begin PBXFrameworksBuildPhase section */
		925A139529125A8B009ED847 /* Frameworks */ = {
			isa = PBXFrameworksBuildPhase;
			buildActionMask = 2147483647;
			files = (
				27785E86C54EBF4F8F492B9D /* Pods_iOS7_HW21_Kholodkov_Denis.framework in Frameworks */,
			);
			runOnlyForDeploymentPostprocessing = 0;
		};
/* End PBXFrameworksBuildPhase section */

/* Begin PBXGroup section */
		921DBCA529129B7D006FD092 /* Metrics */ = {
			isa = PBXGroup;
			children = (
				921DBCA629129B97006FD092 /* Metric.swift */,
			);
			path = Metrics;
			sourceTree = "<group>";
		};
		925A138F29125A8B009ED847 = {
			isa = PBXGroup;
			children = (
				925A139A29125A8B009ED847 /* iOS7-HW21-Kholodkov Denis */,
				925A139929125A8B009ED847 /* Products */,
				9FA1467DDF112AA0614E2F33 /* Pods */,
				94127B94BD2842040BB587EF /* Frameworks */,
			);
			sourceTree = "<group>";
		};
		925A139929125A8B009ED847 /* Products */ = {
			isa = PBXGroup;
			children = (
				925A139829125A8B009ED847 /* iOS7-HW21-Kholodkov Denis.app */,
			);
			name = Products;
			sourceTree = "<group>";
		};
		925A139A29125A8B009ED847 /* iOS7-HW21-Kholodkov Denis */ = {
			isa = PBXGroup;
			children = (
				925A13B029125ACB009ED847 /* Resources */,
				925A13AF29125ABD009ED847 /* Sources */,
			);
			path = "iOS7-HW21-Kholodkov Denis";
			sourceTree = "<group>";
		};
		925A13AF29125ABD009ED847 /* Sources */ = {
			isa = PBXGroup;
			children = (
				925A13B129125AE7009ED847 /* App */,
				925A13B229125AFE009ED847 /* Controllers */,
				92A3CCBB2918F1E80092A761 /* View */,
				925A13B329126728009ED847 /* Model */,
				92A3CCC4291AE41D0092A761 /* NetworkLayer */,
			);
			path = Sources;
			sourceTree = "<group>";
		};
		925A13B029125ACB009ED847 /* Resources */ = {
			isa = PBXGroup;
			children = (
				921DBCA529129B7D006FD092 /* Metrics */,
				925A13A429125A90009ED847 /* Assets.xcassets */,
				925A13A629125A90009ED847 /* LaunchScreen.storyboard */,
				925A13A929125A90009ED847 /* Info.plist */,
			);
			path = Resources;
			sourceTree = "<group>";
		};
		925A13B129125AE7009ED847 /* App */ = {
			isa = PBXGroup;
			children = (
				925A139B29125A8B009ED847 /* AppDelegate.swift */,
			);
			path = App;
			sourceTree = "<group>";
		};
		925A13B229125AFE009ED847 /* Controllers */ = {
			isa = PBXGroup;
			children = (
				92A3CCC2291AE0A10092A761 /* TableController.swift */,
				92D3EDEB29159B8200725FEC /* DescriptionViewController.swift */,
			);
			path = Controllers;
			sourceTree = "<group>";
		};
		925A13B329126728009ED847 /* Model */ = {
			isa = PBXGroup;
			children = (
				925A13B429126738009ED847 /* Cell */,
				921DBCA82912A06A006FD092 /* ModelMarvel.swift */,
				92D3EDE92915972D00725FEC /* ImageSize.swift */,
			);
			path = Model;
			sourceTree = "<group>";
		};
		925A13B429126738009ED847 /* Cell */ = {
			isa = PBXGroup;
			children = (
				925A13B5291279D2009ED847 /* MarvelCell.swift */,
			);
			path = Cell;
			sourceTree = "<group>";
		};
		92A3CCBB2918F1E80092A761 /* View */ = {
			isa = PBXGroup;
			children = (
				92A3CCBC2918F22D0092A761 /* BaseViewElements.swift */,
				92A3CCBE2918FA970092A761 /* MarvelTableView.swift */,
				92A3CCC02918FACE0092A761 /* MarvelDescriptionView.swift */,
			);
			path = View;
			sourceTree = "<group>";
		};
		92A3CCC4291AE41D0092A761 /* NetworkLayer */ = {
			isa = PBXGroup;
			children = (
				92A3CCC5291AE4570092A761 /* NetworkLayer.swift */,
			);
			path = NetworkLayer;
			sourceTree = "<group>";
		};
		94127B94BD2842040BB587EF /* Frameworks */ = {
			isa = PBXGroup;
			children = (
				1029C12515B3F948DB3E6E19 /* Pods_iOS7_HW21_Kholodkov_Denis.framework */,
			);
			name = Frameworks;
			sourceTree = "<group>";
		};
		9FA1467DDF112AA0614E2F33 /* Pods */ = {
			isa = PBXGroup;
			children = (
				D08DC0E72E8FAEED5CD7DF58 /* Pods-iOS7-HW21-Kholodkov Denis.debug.xcconfig */,
				FB5306975F3BFD77A4C7FA6C /* Pods-iOS7-HW21-Kholodkov Denis.release.xcconfig */,
			);
			path = Pods;
			sourceTree = "<group>";
		};
/* End PBXGroup section */

/* Begin PBXNativeTarget section */
		925A139729125A8B009ED847 /* iOS7-HW21-Kholodkov Denis */ = {
			isa = PBXNativeTarget;
			buildConfigurationList = 925A13AC29125A90009ED847 /* Build configuration list for PBXNativeTarget "iOS7-HW21-Kholodkov Denis" */;
			buildPhases = (
				67CB63EE31496DCBA0D351E5 /* [CP] Check Pods Manifest.lock */,
				925A139429125A8B009ED847 /* Sources */,
				925A139529125A8B009ED847 /* Frameworks */,
				925A139629125A8B009ED847 /* Resources */,
				69E50C8BB3A7F7C2760F38CA /* [CP] Embed Pods Frameworks */,
			);
			buildRules = (
			);
			dependencies = (
			);
			name = "iOS7-HW21-Kholodkov Denis";
			productName = "iOS7-HW21-Kholodkov Denis";
			productReference = 925A139829125A8B009ED847 /* iOS7-HW21-Kholodkov Denis.app */;
			productType = "com.apple.product-type.application";
		};
/* End PBXNativeTarget section */

/* Begin PBXProject section */
		925A139029125A8B009ED847 /* Project object */ = {
			isa = PBXProject;
			attributes = {
				BuildIndependentTargetsInParallel = 1;
				LastSwiftUpdateCheck = 1400;
				LastUpgradeCheck = 1400;
				TargetAttributes = {
					925A139729125A8B009ED847 = {
						CreatedOnToolsVersion = 14.0.1;
					};
				};
			};
			buildConfigurationList = 925A139329125A8B009ED847 /* Build configuration list for PBXProject "iOS7-HW21-Kholodkov Denis" */;
			compatibilityVersion = "Xcode 14.0";
			developmentRegion = en;
			hasScannedForEncodings = 0;
			knownRegions = (
				en,
				Base,
			);
			mainGroup = 925A138F29125A8B009ED847;
			productRefGroup = 925A139929125A8B009ED847 /* Products */;
			projectDirPath = "";
			projectRoot = "";
			targets = (
				925A139729125A8B009ED847 /* iOS7-HW21-Kholodkov Denis */,
			);
		};
/* End PBXProject section */

/* Begin PBXResourcesBuildPhase section */
		925A139629125A8B009ED847 /* Resources */ = {
			isa = PBXResourcesBuildPhase;
			buildActionMask = 2147483647;
			files = (
				925A13A829125A90009ED847 /* LaunchScreen.storyboard in Resources */,
				925A13A529125A90009ED847 /* Assets.xcassets in Resources */,
			);
			runOnlyForDeploymentPostprocessing = 0;
		};
/* End PBXResourcesBuildPhase section */

/* Begin PBXShellScriptBuildPhase section */
		67CB63EE31496DCBA0D351E5 /* [CP] Check Pods Manifest.lock */ = {
			isa = PBXShellScriptBuildPhase;
			buildActionMask = 2147483647;
			files = (
			);
			inputFileListPaths = (
			);
			inputPaths = (
				"${PODS_PODFILE_DIR_PATH}/Podfile.lock",
				"${PODS_ROOT}/Manifest.lock",
			);
			name = "[CP] Check Pods Manifest.lock";
			outputFileListPaths = (
			);
			outputPaths = (
				"$(DERIVED_FILE_DIR)/Pods-iOS7-HW21-Kholodkov Denis-checkManifestLockResult.txt",
			);
			runOnlyForDeploymentPostprocessing = 0;
			shellPath = /bin/sh;
			shellScript = "diff \"${PODS_PODFILE_DIR_PATH}/Podfile.lock\" \"${PODS_ROOT}/Manifest.lock\" > /dev/null\nif [ $? != 0 ] ; then\n    # print error to STDERR\n    echo \"error: The sandbox is not in sync with the Podfile.lock. Run 'pod install' or update your CocoaPods installation.\" >&2\n    exit 1\nfi\n# This output is used by Xcode 'outputs' to avoid re-running this script phase.\necho \"SUCCESS\" > \"${SCRIPT_OUTPUT_FILE_0}\"\n";
			showEnvVarsInLog = 0;
		};
		69E50C8BB3A7F7C2760F38CA /* [CP] Embed Pods Frameworks */ = {
			isa = PBXShellScriptBuildPhase;
			buildActionMask = 2147483647;
			files = (
			);
			inputFileListPaths = (
				"${PODS_ROOT}/Target Support Files/Pods-iOS7-HW21-Kholodkov Denis/Pods-iOS7-HW21-Kholodkov Denis-frameworks-${CONFIGURATION}-input-files.xcfilelist",
			);
			name = "[CP] Embed Pods Frameworks";
			outputFileListPaths = (
				"${PODS_ROOT}/Target Support Files/Pods-iOS7-HW21-Kholodkov Denis/Pods-iOS7-HW21-Kholodkov Denis-frameworks-${CONFIGURATION}-output-files.xcfilelist",
			);
			runOnlyForDeploymentPostprocessing = 0;
			shellPath = /bin/sh;
			shellScript = "\"${PODS_ROOT}/Target Support Files/Pods-iOS7-HW21-Kholodkov Denis/Pods-iOS7-HW21-Kholodkov Denis-frameworks.sh\"\n";
			showEnvVarsInLog = 0;
		};
/* End PBXShellScriptBuildPhase section */

/* Begin PBXSourcesBuildPhase section */
		925A139429125A8B009ED847 /* Sources */ = {
			isa = PBXSourcesBuildPhase;
			buildActionMask = 2147483647;
			files = (
				92A3CCC6291AE4570092A761 /* NetworkLayer.swift in Sources */,
				925A139C29125A8B009ED847 /* AppDelegate.swift in Sources */,
				921DBCA729129B97006FD092 /* Metric.swift in Sources */,
				925A13B6291279D2009ED847 /* MarvelCell.swift in Sources */,
				92A3CCBF2918FA970092A761 /* MarvelTableView.swift in Sources */,
				92A3CCC12918FACE0092A761 /* MarvelDescriptionView.swift in Sources */,
				921DBCA92912A06A006FD092 /* ModelMarvel.swift in Sources */,
				92D3EDEC29159B8200725FEC /* DescriptionViewController.swift in Sources */,
				92D3EDEA2915972D00725FEC /* ImageSize.swift in Sources */,
				92A3CCBD2918F22D0092A761 /* BaseViewElements.swift in Sources */,
				92A3CCC3291AE0A10092A761 /* TableController.swift in Sources */,
			);
			runOnlyForDeploymentPostprocessing = 0;
		};
/* End PBXSourcesBuildPhase section */

/* Begin PBXVariantGroup section */
		925A13A629125A90009ED847 /* LaunchScreen.storyboard */ = {
			isa = PBXVariantGroup;
			children = (
				925A13A729125A90009ED847 /* Base */,
			);
			name = LaunchScreen.storyboard;
			sourceTree = "<group>";
		};
/* End PBXVariantGroup section */

/* Begin XCBuildConfiguration section */
		925A13AA29125A90009ED847 /* Debug */ = {
			isa = XCBuildConfiguration;
			buildSettings = {
				ALWAYS_SEARCH_USER_PATHS = NO;
				CLANG_ANALYZER_NONNULL = YES;
				CLANG_ANALYZER_NUMBER_OBJECT_CONVERSION = YES_AGGRESSIVE;
				CLANG_CXX_LANGUAGE_STANDARD = "gnu++20";
				CLANG_ENABLE_MODULES = YES;
				CLANG_ENABLE_OBJC_ARC = YES;
				CLANG_ENABLE_OBJC_WEAK = YES;
				CLANG_WARN_BLOCK_CAPTURE_AUTORELEASING = YES;
				CLANG_WARN_BOOL_CONVERSION = YES;
				CLANG_WARN_COMMA = YES;
				CLANG_WARN_CONSTANT_CONVERSION = YES;
				CLANG_WARN_DEPRECATED_OBJC_IMPLEMENTATIONS = YES;
				CLANG_WARN_DIRECT_OBJC_ISA_USAGE = YES_ERROR;
				CLANG_WARN_DOCUMENTATION_COMMENTS = YES;
				CLANG_WARN_EMPTY_BODY = YES;
				CLANG_WARN_ENUM_CONVERSION = YES;
				CLANG_WARN_INFINITE_RECURSION = YES;
				CLANG_WARN_INT_CONVERSION = YES;
				CLANG_WARN_NON_LITERAL_NULL_CONVERSION = YES;
				CLANG_WARN_OBJC_IMPLICIT_RETAIN_SELF = YES;
				CLANG_WARN_OBJC_LITERAL_CONVERSION = YES;
				CLANG_WARN_OBJC_ROOT_CLASS = YES_ERROR;
				CLANG_WARN_QUOTED_INCLUDE_IN_FRAMEWORK_HEADER = YES;
				CLANG_WARN_RANGE_LOOP_ANALYSIS = YES;
				CLANG_WARN_STRICT_PROTOTYPES = YES;
				CLANG_WARN_SUSPICIOUS_MOVE = YES;
				CLANG_WARN_UNGUARDED_AVAILABILITY = YES_AGGRESSIVE;
				CLANG_WARN_UNREACHABLE_CODE = YES;
				CLANG_WARN__DUPLICATE_METHOD_MATCH = YES;
				COPY_PHASE_STRIP = NO;
				DEBUG_INFORMATION_FORMAT = dwarf;
				ENABLE_STRICT_OBJC_MSGSEND = YES;
				ENABLE_TESTABILITY = YES;
				GCC_C_LANGUAGE_STANDARD = gnu11;
				GCC_DYNAMIC_NO_PIC = NO;
				GCC_NO_COMMON_BLOCKS = YES;
				GCC_OPTIMIZATION_LEVEL = 0;
				GCC_PREPROCESSOR_DEFINITIONS = (
					"DEBUG=1",
					"$(inherited)",
				);
				GCC_WARN_64_TO_32_BIT_CONVERSION = YES;
				GCC_WARN_ABOUT_RETURN_TYPE = YES_ERROR;
				GCC_WARN_UNDECLARED_SELECTOR = YES;
				GCC_WARN_UNINITIALIZED_AUTOS = YES_AGGRESSIVE;
				GCC_WARN_UNUSED_FUNCTION = YES;
				GCC_WARN_UNUSED_VARIABLE = YES;
				IPHONEOS_DEPLOYMENT_TARGET = 16.0;
				MTL_ENABLE_DEBUG_INFO = INCLUDE_SOURCE;
				MTL_FAST_MATH = YES;
				ONLY_ACTIVE_ARCH = YES;
				SDKROOT = iphoneos;
				SWIFT_ACTIVE_COMPILATION_CONDITIONS = DEBUG;
				SWIFT_OPTIMIZATION_LEVEL = "-Onone";
			};
			name = Debug;
		};
		925A13AB29125A90009ED847 /* Release */ = {
			isa = XCBuildConfiguration;
			buildSettings = {
				ALWAYS_SEARCH_USER_PATHS = NO;
				CLANG_ANALYZER_NONNULL = YES;
				CLANG_ANALYZER_NUMBER_OBJECT_CONVERSION = YES_AGGRESSIVE;
				CLANG_CXX_LANGUAGE_STANDARD = "gnu++20";
				CLANG_ENABLE_MODULES = YES;
				CLANG_ENABLE_OBJC_ARC = YES;
				CLANG_ENABLE_OBJC_WEAK = YES;
				CLANG_WARN_BLOCK_CAPTURE_AUTORELEASING = YES;
				CLANG_WARN_BOOL_CONVERSION = YES;
				CLANG_WARN_COMMA = YES;
				CLANG_WARN_CONSTANT_CONVERSION = YES;
				CLANG_WARN_DEPRECATED_OBJC_IMPLEMENTATIONS = YES;
				CLANG_WARN_DIRECT_OBJC_ISA_USAGE = YES_ERROR;
				CLANG_WARN_DOCUMENTATION_COMMENTS = YES;
				CLANG_WARN_EMPTY_BODY = YES;
				CLANG_WARN_ENUM_CONVERSION = YES;
				CLANG_WARN_INFINITE_RECURSION = YES;
				CLANG_WARN_INT_CONVERSION = YES;
				CLANG_WARN_NON_LITERAL_NULL_CONVERSION = YES;
				CLANG_WARN_OBJC_IMPLICIT_RETAIN_SELF = YES;
				CLANG_WARN_OBJC_LITERAL_CONVERSION = YES;
				CLANG_WARN_OBJC_ROOT_CLASS = YES_ERROR;
				CLANG_WARN_QUOTED_INCLUDE_IN_FRAMEWORK_HEADER = YES;
				CLANG_WARN_RANGE_LOOP_ANALYSIS = YES;
				CLANG_WARN_STRICT_PROTOTYPES = YES;
				CLANG_WARN_SUSPICIOUS_MOVE = YES;
				CLANG_WARN_UNGUARDED_AVAILABILITY = YES_AGGRESSIVE;
				CLANG_WARN_UNREACHABLE_CODE = YES;
				CLANG_WARN__DUPLICATE_METHOD_MATCH = YES;
				COPY_PHASE_STRIP = NO;
				DEBUG_INFORMATION_FORMAT = "dwarf-with-dsym";
				ENABLE_NS_ASSERTIONS = NO;
				ENABLE_STRICT_OBJC_MSGSEND = YES;
				GCC_C_LANGUAGE_STANDARD = gnu11;
				GCC_NO_COMMON_BLOCKS = YES;
				GCC_WARN_64_TO_32_BIT_CONVERSION = YES;
				GCC_WARN_ABOUT_RETURN_TYPE = YES_ERROR;
				GCC_WARN_UNDECLARED_SELECTOR = YES;
				GCC_WARN_UNINITIALIZED_AUTOS = YES_AGGRESSIVE;
				GCC_WARN_UNUSED_FUNCTION = YES;
				GCC_WARN_UNUSED_VARIABLE = YES;
				IPHONEOS_DEPLOYMENT_TARGET = 16.0;
				MTL_ENABLE_DEBUG_INFO = NO;
				MTL_FAST_MATH = YES;
				SDKROOT = iphoneos;
				SWIFT_COMPILATION_MODE = wholemodule;
				SWIFT_OPTIMIZATION_LEVEL = "-O";
				VALIDATE_PRODUCT = YES;
			};
			name = Release;
		};
		925A13AD29125A90009ED847 /* Debug */ = {
			isa = XCBuildConfiguration;
			baseConfigurationReference = D08DC0E72E8FAEED5CD7DF58 /* Pods-iOS7-HW21-Kholodkov Denis.debug.xcconfig */;
			buildSettings = {
				ASSETCATALOG_COMPILER_APPICON_NAME = AppIcon;
				ASSETCATALOG_COMPILER_GLOBAL_ACCENT_COLOR_NAME = AccentColor;
				CODE_SIGN_STYLE = Automatic;
				CURRENT_PROJECT_VERSION = 1;
				DEVELOPMENT_TEAM = 3L65F6AAP4;
				GENERATE_INFOPLIST_FILE = YES;
				INFOPLIST_FILE = "iOS7-HW21-Kholodkov Denis/Resources/Info.plist";
				INFOPLIST_KEY_UIApplicationSupportsIndirectInputEvents = YES;
				INFOPLIST_KEY_UILaunchStoryboardName = LaunchScreen;
				INFOPLIST_KEY_UISupportedInterfaceOrientations = UIInterfaceOrientationPortrait;
				IPHONEOS_DEPLOYMENT_TARGET = 15.4;
				LD_RUNPATH_SEARCH_PATHS = (
					"$(inherited)",
					"@executable_path/Frameworks",
				);
				MARKETING_VERSION = 1.0;
				PRODUCT_BUNDLE_IDENTIFIER = "com.denis.iOS7-HW21-Kholodkov-Denis";
				PRODUCT_NAME = "$(TARGET_NAME)";
				SWIFT_EMIT_LOC_STRINGS = YES;
				SWIFT_VERSION = 5.0;
				TARGETED_DEVICE_FAMILY = "1,2";
			};
			name = Debug;
		};
		925A13AE29125A90009ED847 /* Release */ = {
			isa = XCBuildConfiguration;
			baseConfigurationReference = FB5306975F3BFD77A4C7FA6C /* Pods-iOS7-HW21-Kholodkov Denis.release.xcconfig */;
			buildSettings = {
				ASSETCATALOG_COMPILER_APPICON_NAME = AppIcon;
				ASSETCATALOG_COMPILER_GLOBAL_ACCENT_COLOR_NAME = AccentColor;
				CODE_SIGN_STYLE = Automatic;
				CURRENT_PROJECT_VERSION = 1;
				DEVELOPMENT_TEAM = 3L65F6AAP4;
				GENERATE_INFOPLIST_FILE = YES;
				INFOPLIST_FILE = "iOS7-HW21-Kholodkov Denis/Resources/Info.plist";
				INFOPLIST_KEY_UIApplicationSupportsIndirectInputEvents = YES;
				INFOPLIST_KEY_UILaunchStoryboardName = LaunchScreen;
				INFOPLIST_KEY_UISupportedInterfaceOrientations = UIInterfaceOrientationPortrait;
				IPHONEOS_DEPLOYMENT_TARGET = 15.4;
				LD_RUNPATH_SEARCH_PATHS = (
					"$(inherited)",
					"@executable_path/Frameworks",
				);
				MARKETING_VERSION = 1.0;
				PRODUCT_BUNDLE_IDENTIFIER = "com.denis.iOS7-HW21-Kholodkov-Denis";
				PRODUCT_NAME = "$(TARGET_NAME)";
				SWIFT_EMIT_LOC_STRINGS = YES;
				SWIFT_VERSION = 5.0;
				TARGETED_DEVICE_FAMILY = "1,2";
			};
			name = Release;
		};
/* End XCBuildConfiguration section */

/* Begin XCConfigurationList section */
		925A139329125A8B009ED847 /* Build configuration list for PBXProject "iOS7-HW21-Kholodkov Denis" */ = {
			isa = XCConfigurationList;
			buildConfigurations = (
				925A13AA29125A90009ED847 /* Debug */,
				925A13AB29125A90009ED847 /* Release */,
			);
			defaultConfigurationIsVisible = 0;
			defaultConfigurationName = Release;
		};
		925A13AC29125A90009ED847 /* Build configuration list for PBXNativeTarget "iOS7-HW21-Kholodkov Denis" */ = {
			isa = XCConfigurationList;
			buildConfigurations = (
				925A13AD29125A90009ED847 /* Debug */,
				925A13AE29125A90009ED847 /* Release */,
			);
			defaultConfigurationIsVisible = 0;
			defaultConfigurationName = Release;
		};
/* End XCConfigurationList section */
	};
	rootObject = 925A139029125A8B009ED847 /* Project object */;
}
